
Microsoft Visual Studio Solution File, Format Version 12.00
# Visual Studio 14
VisualStudioVersion = 14.0.25420.1
MinimumVisualStudioVersion = 10.0.40219.1
Project("{2150E333-8FDC-42A3-9474-1A3956D46DE8}") = "Engine", "Engine", "{A217ABB8-5BEC-4C95-8677-277D23D35404}"
EndProject
Project("{2150E333-8FDC-42A3-9474-1A3956D46DE8}") = "Games", "Games", "{E33F52BD-1597-4100-8358-7AA0DE42A58A}"
EndProject
Project("{8BC9CEB8-8B4A-11D0-8D11-00A0C91BC942}") = "UE4", "Intermediate\ProjectFiles\UE4.vcxproj", "{F3183E12-350D-401E-82D9-03F0D6BB7557}"
EndProject
Project("{8BC9CEB8-8B4A-11D0-8D11-00A0C91BC942}") = "CyberPunk_Unreal", "Intermediate\ProjectFiles\CyberPunk_Unreal.vcxproj", "{DBDAED1F-80C5-437C-9D0B-370BFEE3ADCE}"
EndProject
Global
	GlobalSection(SolutionConfigurationPlatforms) = preSolution
		DebugGame Editor|Android = DebugGame Editor|Android
		DebugGame Editor|HTML5 = DebugGame Editor|HTML5
		DebugGame Editor|Win32 = DebugGame Editor|Win32
		DebugGame Editor|Win64 = DebugGame Editor|Win64
		DebugGame|Android = DebugGame|Android
		DebugGame|HTML5 = DebugGame|HTML5
		DebugGame|Win32 = DebugGame|Win32
		DebugGame|Win64 = DebugGame|Win64
		Development Editor|Android = Development Editor|Android
		Development Editor|HTML5 = Development Editor|HTML5
		Development Editor|Win32 = Development Editor|Win32
		Development Editor|Win64 = Development Editor|Win64
		Development|Android = Development|Android
		Development|HTML5 = Development|HTML5
		Development|Win32 = Development|Win32
		Development|Win64 = Development|Win64
		Shipping|Android = Shipping|Android
		Shipping|HTML5 = Shipping|HTML5
		Shipping|Win32 = Shipping|Win32
		Shipping|Win64 = Shipping|Win64
	EndGlobalSection
	GlobalSection(ProjectConfigurationPlatforms) = postSolution
		{F3183E12-350D-401E-82D9-03F0D6BB7557}.DebugGame Editor|Android.ActiveCfg = BuiltWithUnrealBuildTool|Win32
		{F3183E12-350D-401E-82D9-03F0D6BB7557}.DebugGame Editor|Android.Build.0 = BuiltWithUnrealBuildTool|Win32
		{F3183E12-350D-401E-82D9-03F0D6BB7557}.DebugGame Editor|HTML5.ActiveCfg = BuiltWithUnrealBuildTool|Win32
		{F3183E12-350D-401E-82D9-03F0D6BB7557}.DebugGame Editor|HTML5.Build.0 = BuiltWithUnrealBuildTool|Win32
		{F3183E12-350D-401E-82D9-03F0D6BB7557}.DebugGame Editor|Win32.ActiveCfg = BuiltWithUnrealBuildTool|Win32
		{F3183E12-350D-401E-82D9-03F0D6BB7557}.DebugGame Editor|Win32.Build.0 = BuiltWithUnrealBuildTool|Win32
		{F3183E12-350D-401E-82D9-03F0D6BB7557}.DebugGame Editor|Win64.ActiveCfg = BuiltWithUnrealBuildTool|Win32
		{F3183E12-350D-401E-82D9-03F0D6BB7557}.DebugGame Editor|Win64.Build.0 = BuiltWithUnrealBuildTool|Win32
		{F3183E12-350D-401E-82D9-03F0D6BB7557}.DebugGame|Android.ActiveCfg = BuiltWithUnrealBuildTool|Win32
		{F3183E12-350D-401E-82D9-03F0D6BB7557}.DebugGame|Android.Build.0 = BuiltWithUnrealBuildTool|Win32
		{F3183E12-350D-401E-82D9-03F0D6BB7557}.DebugGame|HTML5.ActiveCfg = BuiltWithUnrealBuildTool|Win32
		{F3183E12-350D-401E-82D9-03F0D6BB7557}.DebugGame|HTML5.Build.0 = BuiltWithUnrealBuildTool|Win32
		{F3183E12-350D-401E-82D9-03F0D6BB7557}.DebugGame|Win32.ActiveCfg = BuiltWithUnrealBuildTool|Win32
		{F3183E12-350D-401E-82D9-03F0D6BB7557}.DebugGame|Win32.Build.0 = BuiltWithUnrealBuildTool|Win32
		{F3183E12-350D-401E-82D9-03F0D6BB7557}.DebugGame|Win64.ActiveCfg = BuiltWithUnrealBuildTool|Win32
		{F3183E12-350D-401E-82D9-03F0D6BB7557}.DebugGame|Win64.Build.0 = BuiltWithUnrealBuildTool|Win32
		{F3183E12-350D-401E-82D9-03F0D6BB7557}.Development Editor|Android.ActiveCfg = BuiltWithUnrealBuildTool|Win32
		{F3183E12-350D-401E-82D9-03F0D6BB7557}.Development Editor|Android.Build.0 = BuiltWithUnrealBuildTool|Win32
		{F3183E12-350D-401E-82D9-03F0D6BB7557}.Development Editor|HTML5.ActiveCfg = BuiltWithUnrealBuildTool|Win32
		{F3183E12-350D-401E-82D9-03F0D6BB7557}.Development Editor|HTML5.Build.0 = BuiltWithUnrealBuildTool|Win32
		{F3183E12-350D-401E-82D9-03F0D6BB7557}.Development Editor|Win32.ActiveCfg = BuiltWithUnrealBuildTool|Win32
		{F3183E12-350D-401E-82D9-03F0D6BB7557}.Development Editor|Win32.Build.0 = BuiltWithUnrealBuildTool|Win32
		{F3183E12-350D-401E-82D9-03F0D6BB7557}.Development Editor|Win64.ActiveCfg = BuiltWithUnrealBuildTool|Win32
		{F3183E12-350D-401E-82D9-03F0D6BB7557}.Development Editor|Win64.Build.0 = BuiltWithUnrealBuildTool|Win32
		{F3183E12-350D-401E-82D9-03F0D6BB7557}.Development|Android.ActiveCfg = BuiltWithUnrealBuildTool|Win32
		{F3183E12-350D-401E-82D9-03F0D6BB7557}.Development|Android.Build.0 = BuiltWithUnrealBuildTool|Win32
		{F3183E12-350D-401E-82D9-03F0D6BB7557}.Development|HTML5.ActiveCfg = BuiltWithUnrealBuildTool|Win32
		{F3183E12-350D-401E-82D9-03F0D6BB7557}.Development|HTML5.Build.0 = BuiltWithUnrealBuildTool|Win32
		{F3183E12-350D-401E-82D9-03F0D6BB7557}.Development|Win32.ActiveCfg = BuiltWithUnrealBuildTool|Win32
		{F3183E12-350D-401E-82D9-03F0D6BB7557}.Development|Win32.Build.0 = BuiltWithUnrealBuildTool|Win32
		{F3183E12-350D-401E-82D9-03F0D6BB7557}.Development|Win64.ActiveCfg = BuiltWithUnrealBuildTool|Win32
		{F3183E12-350D-401E-82D9-03F0D6BB7557}.Development|Win64.Build.0 = BuiltWithUnrealBuildTool|Win32
		{F3183E12-350D-401E-82D9-03F0D6BB7557}.Shipping|Android.ActiveCfg = BuiltWithUnrealBuildTool|Win32
		{F3183E12-350D-401E-82D9-03F0D6BB7557}.Shipping|Android.Build.0 = BuiltWithUnrealBuildTool|Win32
		{F3183E12-350D-401E-82D9-03F0D6BB7557}.Shipping|HTML5.ActiveCfg = BuiltWithUnrealBuildTool|Win32
		{F3183E12-350D-401E-82D9-03F0D6BB7557}.Shipping|HTML5.Build.0 = BuiltWithUnrealBuildTool|Win32
		{F3183E12-350D-401E-82D9-03F0D6BB7557}.Shipping|Win32.ActiveCfg = BuiltWithUnrealBuildTool|Win32
		{F3183E12-350D-401E-82D9-03F0D6BB7557}.Shipping|Win32.Build.0 = BuiltWithUnrealBuildTool|Win32
		{F3183E12-350D-401E-82D9-03F0D6BB7557}.Shipping|Win64.ActiveCfg = BuiltWithUnrealBuildTool|Win32
		{F3183E12-350D-401E-82D9-03F0D6BB7557}.Shipping|Win64.Build.0 = BuiltWithUnrealBuildTool|Win32
		{DBDAED1F-80C5-437C-9D0B-370BFEE3ADCE}.DebugGame Editor|Android.ActiveCfg = DebugGame_Editor|Tegra-Android
		{DBDAED1F-80C5-437C-9D0B-370BFEE3ADCE}.DebugGame Editor|HTML5.ActiveCfg = HTML5_DebugGame_Editor|Win32
		{DBDAED1F-80C5-437C-9D0B-370BFEE3ADCE}.DebugGame Editor|Win32.ActiveCfg = DebugGame_Editor|Win32
		{DBDAED1F-80C5-437C-9D0B-370BFEE3ADCE}.DebugGame Editor|Win64.ActiveCfg = DebugGame_Editor|x64
		{DBDAED1F-80C5-437C-9D0B-370BFEE3ADCE}.DebugGame Editor|Win64.Build.0 = DebugGame_Editor|x64
		{DBDAED1F-80C5-437C-9D0B-370BFEE3ADCE}.DebugGame|Android.ActiveCfg = DebugGame_Game|Tegra-Android
		{DBDAED1F-80C5-437C-9D0B-370BFEE3ADCE}.DebugGame|Android.Build.0 = DebugGame_Game|Tegra-Android
		{DBDAED1F-80C5-437C-9D0B-370BFEE3ADCE}.DebugGame|HTML5.ActiveCfg = HTML5_DebugGame_Game|Win32
		{DBDAED1F-80C5-437C-9D0B-370BFEE3ADCE}.DebugGame|HTML5.Build.0 = HTML5_DebugGame_Game|Win32
		{DBDAED1F-80C5-437C-9D0B-370BFEE3ADCE}.DebugGame|Win32.ActiveCfg = DebugGame_Game|Win32
		{DBDAED1F-80C5-437C-9D0B-370BFEE3ADCE}.DebugGame|Win32.Build.0 = DebugGame_Game|Win32
		{DBDAED1F-80C5-437C-9D0B-370BFEE3ADCE}.DebugGame|Win64.ActiveCfg = DebugGame_Game|x64
		{DBDAED1F-80C5-437C-9D0B-370BFEE3ADCE}.DebugGame|Win64.Build.0 = DebugGame_Game|x64
		{DBDAED1F-80C5-437C-9D0B-370BFEE3ADCE}.Development Editor|Android.ActiveCfg = Development_Editor|Tegra-Android
		{DBDAED1F-80C5-437C-9D0B-370BFEE3ADCE}.Development Editor|HTML5.ActiveCfg = HTML5_Development_Editor|Win32
		{DBDAED1F-80C5-437C-9D0B-370BFEE3ADCE}.Development Editor|Win32.ActiveCfg = Development_Editor|Win32
		{DBDAED1F-80C5-437C-9D0B-370BFEE3ADCE}.Development Editor|Win64.ActiveCfg = Development_Editor|x64
		{DBDAED1F-80C5-437C-9D0B-370BFEE3ADCE}.Development Editor|Win64.Build.0 = Development_Editor|x64
		{DBDAED1F-80C5-437C-9D0B-370BFEE3ADCE}.Development|Android.ActiveCfg = Development_Game|Tegra-Android
		{DBDAED1F-80C5-437C-9D0B-370BFEE3ADCE}.Development|Android.Build.0 = Development_Game|Tegra-Android
		{DBDAED1F-80C5-437C-9D0B-370BFEE3ADCE}.Development|HTML5.ActiveCfg = HTML5_Development_Game|Win32
		{DBDAED1F-80C5-437C-9D0B-370BFEE3ADCE}.Development|HTML5.Build.0 = HTML5_Development_Game|Win32
		{DBDAED1F-80C5-437C-9D0B-370BFEE3ADCE}.Development|Win32.ActiveCfg = Development_Game|Win32
		{DBDAED1F-80C5-437C-9D0B-370BFEE3ADCE}.Development|Win32.Build.0 = Development_Game|Win32
		{DBDAED1F-80C5-437C-9D0B-370BFEE3ADCE}.Development|Win64.ActiveCfg = Development_Game|x64
		{DBDAED1F-80C5-437C-9D0B-370BFEE3ADCE}.Development|Win64.Build.0 = Development_Game|x64
		{DBDAED1F-80C5-437C-9D0B-370BFEE3ADCE}.Shipping|Android.ActiveCfg = Shipping_Game|Tegra-Android
		{DBDAED1F-80C5-437C-9D0B-370BFEE3ADCE}.Shipping|Android.Build.0 = Shipping_Game|Tegra-Android
		{DBDAED1F-80C5-437C-9D0B-370BFEE3ADCE}.Shipping|HTML5.ActiveCfg = HTML5_Shipping_Game|Win32
		{DBDAED1F-80C5-437C-9D0B-370BFEE3ADCE}.Shipping|HTML5.Build.0 = HTML5_Shipping_Game|Win32
		{DBDAED1F-80C5-437C-9D0B-370BFEE3ADCE}.Shipping|Win32.ActiveCfg = Shipping_Game|Win32
		{DBDAED1F-80C5-437C-9D0B-370BFEE3ADCE}.Shipping|Win32.Build.0 = Shipping_Game|Win32
		{DBDAED1F-80C5-437C-9D0B-370BFEE3ADCE}.Shipping|Win64.ActiveCfg = Shipping_Game|x64
		{DBDAED1F-80C5-437C-9D0B-370BFEE3ADCE}.Shipping|Win64.Build.0 = Shipping_Game|x64
	EndGlobalSection
	GlobalSection(SolutionProperties) = preSolution
		HideSolutionNode = FALSE
	EndGlobalSection
	GlobalSection(NestedProjects) = preSolution
		{F3183E12-350D-401E-82D9-03F0D6BB7557} = {A217ABB8-5BEC-4C95-8677-277D23D35404}
		{DBDAED1F-80C5-437C-9D0B-370BFEE3ADCE} = {E33F52BD-1597-4100-8358-7AA0DE42A58A}
	EndGlobalSection
EndGlobal
